# THIS IS AN AUTOGENERATED FILE. DO NOT EDIT THIS FILE DIRECTLY.
# yarn lockfile v1


"@logseq/libs@^0.0.10":
  version "0.0.10"
  resolved "https://registry.npmmirror.com/@logseq/libs/-/libs-0.0.10.tgz#305d65b733ed16d157f57a1a0759e0233d1b1a81"
  integrity sha512-Ah5wAhLcgrlOtk/9nEe11UsqOzvpcEaEWDV+oFD3TIGTeP4mfv2HjDiPYPBGXuMZRgvsW6klQLzzaxMieksXXg==
  dependencies:
    csstype "3.1.0"
    debug "4.3.4"
    dompurify "2.3.8"
    eventemitter3 "4.0.7"
    fast-deep-equal "3.1.3"
    lodash-es "4.17.21"
    path "0.12.7"
    snake-case "3.0.4"

"@rollup/plugin-alias@^3.1.9":
  version "3.1.9"
  resolved "https://registry.npmmirror.com/@rollup/plugin-alias/-/plugin-alias-3.1.9.tgz#a5d267548fe48441f34be8323fb64d1d4a1b3fdf"
  integrity sha512-QI5fsEvm9bDzt32k39wpOwZhVzRcL5ydcffUHMyLVaVaLeC70I8TJZ17F1z1eMoLu4E/UOcH9BWVkKpIKdrfiw==
  dependencies:
    slash "^3.0.0"

"@rollup/plugin-commonjs@^23.0.2":
  version "23.0.2"
  resolved "https://registry.npmmirror.com/@rollup/plugin-commonjs/-/plugin-commonjs-23.0.2.tgz#3a3a5b7b1b1cb29037eb4992edcaae997d7ebd92"
  integrity sha512-e9ThuiRf93YlVxc4qNIurvv+Hp9dnD+4PjOqQs5vAYfcZ3+AXSrcdzXnVjWxcGQOa6KGJFcRZyUI3ktWLavFjg==
  dependencies:
    "@rollup/pluginutils" "^5.0.1"
    commondir "^1.0.1"
    estree-walker "^2.0.2"
    glob "^8.0.3"
    is-reference "1.2.1"
    magic-string "^0.26.4"

"@rollup/plugin-html@^0.2.4":
  version "0.2.4"
  resolved "https://registry.npmmirror.com/@rollup/plugin-html/-/plugin-html-0.2.4.tgz#11e0c1255b2986a71a858c8cbc6a6313d0b46c1e"
  integrity sha512-x0qpNXxbmGa9Jnl4OX89AORPe2T/a4DqNK69BGRnEdaPKq6MdiUXSTam/eCkF5DxkQGcRcPq0L4vzr/E3q4mVA==

"@rollup/plugin-json@^4.1.0":
  version "4.1.0"
  resolved "https://registry.npmmirror.com/@rollup/plugin-json/-/plugin-json-4.1.0.tgz#54e09867ae6963c593844d8bd7a9c718294496f3"
  integrity sha512-yfLbTdNS6amI/2OpmbiBoW12vngr5NW2jCJVZSBEz+H5KfUJZ2M7sDjk0U6GOOdCWFVScShte29o9NezJ53TPw==
  dependencies:
    "@rollup/pluginutils" "^3.0.8"

"@rollup/plugin-node-resolve@^13.3.0":
  version "13.3.0"
  resolved "https://registry.npmmirror.com/@rollup/plugin-node-resolve/-/plugin-node-resolve-13.3.0.tgz#da1c5c5ce8316cef96a2f823d111c1e4e498801c"
  integrity sha512-Lus8rbUo1eEcnS4yTFKLZrVumLPY+YayBdWXgFSHYhTT2iJbMhoaaBL3xl5NCdeRytErGr8tZ0L71BMRmnlwSw==
  dependencies:
    "@rollup/pluginutils" "^3.1.0"
    "@types/resolve" "1.17.1"
    deepmerge "^4.2.2"
    is-builtin-module "^3.1.0"
    is-module "^1.0.0"
    resolve "^1.19.0"

"@rollup/plugin-replace@^5.0.0":
  version "5.0.1"
  resolved "https://registry.npmmirror.com/@rollup/plugin-replace/-/plugin-replace-5.0.1.tgz#49a57af3e6df111a9e75dea3f3572741f4c5c83e"
  integrity sha512-Z3MfsJ4CK17BfGrZgvrcp/l6WXoKb0kokULO+zt/7bmcyayokDaQ2K3eDJcRLCTAlp5FPI4/gz9MHAsosz4Rag==
  dependencies:
    "@rollup/pluginutils" "^5.0.1"
    magic-string "^0.26.4"

"@rollup/pluginutils@^3.0.8", "@rollup/pluginutils@^3.1.0":
  version "3.1.0"
  resolved "https://registry.npmmirror.com/@rollup/pluginutils/-/pluginutils-3.1.0.tgz#706b4524ee6dc8b103b3c995533e5ad680c02b9b"
  integrity sha512-GksZ6pr6TpIjHm8h9lSQ8pi8BE9VeubNT0OMJ3B5uZJ8pz73NPiqOtCog/x2/QzM1ENChPKxMDhiQuRHsqc+lg==
  dependencies:
    "@types/estree" "0.0.39"
    estree-walker "^1.0.1"
    picomatch "^2.2.2"

"@rollup/pluginutils@^4.2.1":
  version "4.2.1"
  resolved "https://registry.npmmirror.com/@rollup/pluginutils/-/pluginutils-4.2.1.tgz#e6c6c3aba0744edce3fb2074922d3776c0af2a6d"
  integrity sha512-iKnFXr7NkdZAIHiIWE+BX5ULi/ucVFYWD6TbAV+rZctiRTY2PL6tsIKhoIOaoskiWAkgu+VsbXgUVDNLHf+InQ==
  dependencies:
    estree-walker "^2.0.1"
    picomatch "^2.2.2"

"@rollup/pluginutils@^5.0.1":
  version "5.0.2"
  resolved "https://registry.npmmirror.com/@rollup/pluginutils/-/pluginutils-5.0.2.tgz#012b8f53c71e4f6f9cb317e311df1404f56e7a33"
  integrity sha512-pTd9rIsP92h+B6wWwFbW8RkZv4hiR/xKsqre4SIuAOaOEQRxi0lqLke9k2/7WegC85GgUs9pjmOjCUi3In4vwA==
  dependencies:
    "@types/estree" "^1.0.0"
    estree-walker "^2.0.2"
    picomatch "^2.3.1"

"@surma/rollup-plugin-off-main-thread@^2.2.3":
  version "2.2.3"
  resolved "https://registry.npmmirror.com/@surma/rollup-plugin-off-main-thread/-/rollup-plugin-off-main-thread-2.2.3.tgz#ee34985952ca21558ab0d952f00298ad2190c053"
  integrity sha512-lR8q/9W7hZpMWweNiAKU7NQerBnzQQLvi8qnTDU/fxItPhtZVMbPV3lbCwjhIlNBe9Bbr5V+KHshvWmVSG9cxQ==
  dependencies:
    ejs "^3.1.6"
    json5 "^2.2.0"
    magic-string "^0.25.0"
    string.prototype.matchall "^4.0.6"

"@swc/core-darwin-arm64@1.3.14":
  version "1.3.14"
  resolved "https://registry.npmmirror.com/@swc/core-darwin-arm64/-/core-darwin-arm64-1.3.14.tgz#47350e5cc3807a44321e883b35516146747ce4d0"
  integrity sha512-QFuUq3341uOCrJMIWGuo+CmRC5qZoM2lUo7o2lmv1FO1Dh9njTG85pLD83vz6y4j/F034DBGzvRgSti/Bsoccw==

"@swc/core-darwin-x64@1.3.14":
  version "1.3.14"
  resolved "https://registry.npmmirror.com/@swc/core-darwin-x64/-/core-darwin-x64-1.3.14.tgz#5028baa85f99e5fb65117a8413d6f0a000dfd136"
  integrity sha512-fpAjbjXimJBmxCumRB8zjEtPc0lGUi9Uvu92XH6ww6AyXvg7KQmua5P2R9tnzAm6NwTCXKkgS86cgKysAbbObw==

"@swc/core-linux-arm-gnueabihf@1.3.14":
  version "1.3.14"
  resolved "https://registry.npmmirror.com/@swc/core-linux-arm-gnueabihf/-/core-linux-arm-gnueabihf-1.3.14.tgz#6c03573b9b4b53c2e2ebb9bb52e097649bc19c5b"
  integrity sha512-3XSFlgIyDPS+x2c0IFr0AGj4NUbrWGKbkkUCpmAURII0n3YoDsYw8Ux73I8MkWxTTwDGkou8qQOXyA28kAUM4w==

"@swc/core-linux-arm64-gnu@1.3.14":
  version "1.3.14"
  resolved "https://registry.npmmirror.com/@swc/core-linux-arm64-gnu/-/core-linux-arm64-gnu-1.3.14.tgz#2dc7aa4b6c58be99061307fd06e56570f0f94e0e"
  integrity sha512-r3fToDRYX76NEptAjvDg5aGrbitOgqooV37RpSTIGYd/CSNuin4cpCNFdca/Vh5lnNfal7mqdGDbG7gMruARtw==

"@swc/core-linux-arm64-musl@1.3.14":
  version "1.3.14"
  resolved "https://registry.npmmirror.com/@swc/core-linux-arm64-musl/-/core-linux-arm64-musl-1.3.14.tgz#d9b8e6c91779fba0a1e8fc74f27848005516663d"
  integrity sha512-IivEUC+3HNSsQNCfaCDzev2CpsvWpgFReitCmj0PKIdXFRsTi78jtJiraLWnYy956j4wwZbKN0OFGkS2ekKAVg==

"@swc/core-linux-x64-gnu@1.3.14":
  version "1.3.14"
  resolved "https://registry.npmmirror.com/@swc/core-linux-x64-gnu/-/core-linux-x64-gnu-1.3.14.tgz#d00f39e8ab6b65761a9f6352520310154b01efbf"
  integrity sha512-HtwwA1Z0tE2z9fgaR5ehgY5ULbnVLHj3tayyWhIElF4EWsi6aQfCyn/oCZAcjoPKfEnJiSNBYt5gMmfK8l4mJA==

"@swc/core-linux-x64-musl@1.3.14":
  version "1.3.14"
  resolved "https://registry.npmmirror.com/@swc/core-linux-x64-musl/-/core-linux-x64-musl-1.3.14.tgz#0868546ea3228795734e771a6835c3921864604b"
  integrity sha512-RPXilkTD8IVgpou4TNuqZJOB7kMrVJ7sm7GgHF4v1eV3xdIyvy4w5FWjXZRdwMW6iunLgQEckuOmVx0I4mrdNg==

"@swc/core-win32-arm64-msvc@1.3.14":
  version "1.3.14"
  resolved "https://registry.npmmirror.com/@swc/core-win32-arm64-msvc/-/core-win32-arm64-msvc-1.3.14.tgz#398f6a0517b0e8bceb98680e7d2eaa9430a4df95"
  integrity sha512-H8Ka/ahJRs84hQCHC5ndORujbLBmi1mv+Z/m4CXpOaEX7TmeAo8nA17rrRckNvVkud9fghsKQGjkBQvJ0v7mRw==

"@swc/core-win32-ia32-msvc@1.3.14":
  version "1.3.14"
  resolved "https://registry.npmmirror.com/@swc/core-win32-ia32-msvc/-/core-win32-ia32-msvc-1.3.14.tgz#be356a8fa3810e89d72bef57497aebdf03d64b7a"
  integrity sha512-H3ZmDXrVxrqBzzCFodwYfcXfTHE0xGNLJlLGzJ4haV6RBM3ZYIvRzDtPivDzic/VQncmPj1WpLoEDfx/7KNC8Q==

"@swc/core-win32-x64-msvc@1.3.14":
  version "1.3.14"
  resolved "https://registry.npmmirror.com/@swc/core-win32-x64-msvc/-/core-win32-x64-msvc-1.3.14.tgz#5d1dba5203030538d2c0161630068a17b5b4fd88"
  integrity sha512-/D1lhWF/DQi2M7b6jWL35NmTY0mRJ5mwTXdmjqNNWOZ8h8TXQo1A3/FDFnfIIcRUeSNdF7IeB3xInT3BI34E1w==

"@swc/core@^1.2.187":
  version "1.3.14"
  resolved "https://registry.npmmirror.com/@swc/core/-/core-1.3.14.tgz#596a0ba34ffd63eb87778eeffe9e97916a87af7d"
  integrity sha512-LpTTrXOGS7vnbR/rHrAux7GykUWbyVmI5NbICl9iF9yeqFdGm6JjaGBhbanmG8zrQL5aFx2kMxxb92V9D1KUiw==
  optionalDependencies:
    "@swc/core-darwin-arm64" "1.3.14"
    "@swc/core-darwin-x64" "1.3.14"
    "@swc/core-linux-arm-gnueabihf" "1.3.14"
    "@swc/core-linux-arm64-gnu" "1.3.14"
    "@swc/core-linux-arm64-musl" "1.3.14"
    "@swc/core-linux-x64-gnu" "1.3.14"
    "@swc/core-linux-x64-musl" "1.3.14"
    "@swc/core-win32-arm64-msvc" "1.3.14"
    "@swc/core-win32-ia32-msvc" "1.3.14"
    "@swc/core-win32-x64-msvc" "1.3.14"

"@types/estree@*", "@types/estree@^1.0.0":
  version "1.0.0"
  resolved "https://registry.npmmirror.com/@types/estree/-/estree-1.0.0.tgz#5fb2e536c1ae9bf35366eed879e827fa59ca41c2"
  integrity sha512-WulqXMDUTYAXCjZnk6JtIHPigp55cVtDgDrO2gHRwhyJto21+1zbVCtOYB2L1F9w4qCQ0rOGWBnBe0FNTiEJIQ==

"@types/estree@0.0.39":
  version "0.0.39"
  resolved "https://registry.npmmirror.com/@types/estree/-/estree-0.0.39.tgz#e177e699ee1b8c22d23174caaa7422644389509f"
  integrity sha512-EYNwp3bU+98cpU4lAWYYL7Zz+2gryWH1qbdDTidVd6hkiR6weksdbMadyXKXNPEkQFhXM+hVO9ZygomHXp+AIw==

"@types/node@*":
  version "18.11.9"
  resolved "https://registry.npmmirror.com/@types/node/-/node-18.11.9.tgz#02d013de7058cea16d36168ef2fc653464cfbad4"
  integrity sha512-CRpX21/kGdzjOpFsZSkcrXMGIBWMGNIHXXBVFSH+ggkftxg+XYP20TESbh+zFvFj3EQOl5byk0HTRn1IL6hbqg==

"@types/resolve@1.17.1":
  version "1.17.1"
  resolved "https://registry.npmmirror.com/@types/resolve/-/resolve-1.17.1.tgz#3afd6ad8967c77e4376c598a82ddd58f46ec45d6"
  integrity sha512-yy7HuzQhj0dhGpD8RLXSZWEkLsV9ibvxvi6EiJ3bkqLAO1RGo0WbkWQiwpRlSFymTJRz0d3k5LM3kkx8ArDbLw==
  dependencies:
    "@types/node" "*"

ansi-styles@^4.1.0:
  version "4.3.0"
  resolved "https://registry.npmmirror.com/ansi-styles/-/ansi-styles-4.3.0.tgz#edd803628ae71c04c85ae7a0906edad34b648937"
  integrity sha512-zbB9rCJAT1rbjiVDb2hqKFHNYLxgtk8NURxZ3IZwD3F6NtxbXZQCnnSi1Lkx+IDohdPlFp222wVALIheZJQSEg==
  dependencies:
    color-convert "^2.0.1"

async@^3.2.3:
  version "3.2.4"
  resolved "https://registry.npmmirror.com/async/-/async-3.2.4.tgz#2d22e00f8cddeb5fde5dd33522b56d1cf569a81c"
  integrity sha512-iAB+JbDEGXhyIUavoDl9WP/Jj106Kz9DEn1DPgYw5ruDn0e3Wgi3sKFm55sASdGBNOQB8F59d9qQ7deqrHA8wQ==

balanced-match@^1.0.0:
  version "1.0.2"
  resolved "https://registry.npmmirror.com/balanced-match/-/balanced-match-1.0.2.tgz#e83e3a7e3f300b34cb9d87f615fa0cbf357690ee"
  integrity sha512-3oSeUO0TMV67hN1AmbXsK4yaqU7tjiHlbxRDZOpH0KW9+CeX4bRAaX0Anxt0tx2MrpRpWwQaPwIlISEJhYU5Pw==

brace-expansion@^1.1.7:
  version "1.1.11"
  resolved "https://registry.npmmirror.com/brace-expansion/-/brace-expansion-1.1.11.tgz#3c7fcbf529d87226f3d2f52b966ff5271eb441dd"
  integrity sha512-iCuPHDFgrHX7H2vEI/5xpz07zSHB00TpugqhmYtVmMO6518mCuRMoOYFldEBl0g187ufozdaHgWKcYFb61qGiA==
  dependencies:
    balanced-match "^1.0.0"
    concat-map "0.0.1"

brace-expansion@^2.0.1:
  version "2.0.1"
  resolved "https://registry.npmmirror.com/brace-expansion/-/brace-expansion-2.0.1.tgz#1edc459e0f0c548486ecf9fc99f2221364b9a0ae"
  integrity sha512-XnAIvQ8eM+kC6aULx6wuQiwVsnzsi9d3WxzV3FpWTGA19F621kwdbsAcFKXgKUHZWsy+mY6iL1sHTxWEFCytDA==
  dependencies:
    balanced-match "^1.0.0"

builtin-modules@^3.3.0:
  version "3.3.0"
  resolved "https://registry.npmmirror.com/builtin-modules/-/builtin-modules-3.3.0.tgz#cae62812b89801e9656336e46223e030386be7b6"
  integrity sha512-zhaCDicdLuWN5UbN5IMnFqNMhNfo919sH85y2/ea+5Yg9TsTkeZxpL+JLbp6cgYFS4sRLp3YV4S6yDuqVWHYOw==

call-bind@^1.0.0, call-bind@^1.0.2:
  version "1.0.2"
  resolved "https://registry.npmmirror.com/call-bind/-/call-bind-1.0.2.tgz#b1d4e89e688119c3c9a903ad30abb2f6a919be3c"
  integrity sha512-7O+FbCihrB5WGbFYesctwmTKae6rOiIzmz1icreWJ+0aA7LJfuqhEso2T9ncpcFtzMQtzXf2QGGueWJGTYsqrA==
  dependencies:
    function-bind "^1.1.1"
    get-intrinsic "^1.0.2"

chalk@^4.0.2:
  version "4.1.2"
  resolved "https://registry.npmmirror.com/chalk/-/chalk-4.1.2.tgz#aac4e2b7734a740867aeb16bf02aad556a1e7a01"
  integrity sha512-oKnbhFyRIXpUuez8iBMmyEa4nbj4IOQyuhc/wy9kY7/WVPcwIO9VA668Pu8RkO7+0G76SLROeyw9CpQ061i4mA==
  dependencies:
    ansi-styles "^4.1.0"
    supports-color "^7.1.0"

color-convert@^2.0.1:
  version "2.0.1"
  resolved "https://registry.npmmirror.com/color-convert/-/color-convert-2.0.1.tgz#72d3a68d598c9bdb3af2ad1e84f21d896abd4de3"
  integrity sha512-RRECPsj7iu/xb5oKYcsFHSppFNnsj/52OVTRKb4zP5onXwVF3zVmmToNcOfGC+CRDpfK/U584fMg38ZHCaElKQ==
  dependencies:
    color-name "~1.1.4"

color-name@~1.1.4:
  version "1.1.4"
  resolved "https://registry.npmmirror.com/color-name/-/color-name-1.1.4.tgz#c2a09a87acbde69543de6f63fa3995c826c536a2"
  integrity sha512-dOy+3AuW3a2wNbZHIuMZpTcgjGuLU/uBL/ubcZF9OXbDo8ff4O8yVp5Bf0efS8uEoYo5q4Fx7dY9OgQGXgAsQA==

commondir@^1.0.1:
  version "1.0.1"
  resolved "https://registry.npmmirror.com/commondir/-/commondir-1.0.1.tgz#ddd800da0c66127393cca5950ea968a3aaf1253b"
  integrity sha512-W9pAhw0ja1Edb5GVdIF1mjZw/ASI0AlShXM83UUGe2DVr5TdAPEA1OA8m/g8zWp9x6On7gqufY+FatDbC3MDQg==

concat-map@0.0.1:
  version "0.0.1"
  resolved "https://registry.npmmirror.com/concat-map/-/concat-map-0.0.1.tgz#d8a96bd77fd68df7793a73036a3ba0d5405d477b"
  integrity sha512-/Srv4dswyQNBfohGpz9o6Yb3Gz3SrUDqBH5rTuhGR7ahtlbYKnVxw2bCFMRljaA7EXHaXZ8wsHdodFvbkhKmqg==

csstype@3.1.0:
  version "3.1.0"
  resolved "https://registry.npmmirror.com/csstype/-/csstype-3.1.0.tgz#4ddcac3718d787cf9df0d1b7d15033925c8f29f2"
  integrity sha512-uX1KG+x9h5hIJsaKR9xHUeUraxf8IODOwq9JLNPq6BwB04a/xgpq3rcx47l5BZu5zBPlgD342tdke3Hom/nJRA==

date-fns@^2.29.3:
  version "2.29.3"
  resolved "https://registry.npmmirror.com/date-fns/-/date-fns-2.29.3.tgz#27402d2fc67eb442b511b70bbdf98e6411cd68a8"
  integrity sha512-dDCnyH2WnnKusqvZZ6+jA1O51Ibt8ZMRNkDZdyAyK4YfbDwa/cEmuztzG5pk6hqlp9aSBPYcjOlktquahGwGeA==

debug@4.3.4:
  version "4.3.4"
  resolved "https://registry.npmmirror.com/debug/-/debug-4.3.4.tgz#1319f6579357f2338d3337d2cdd4914bb5dcc865"
  integrity sha512-PRWFHuSU3eDtQJPvnNY7Jcket1j0t5OuOsFzPPzsekD52Zl8qUfFIPEiswXqIvHWGVHOgX+7G/vCNNhehwxfkQ==
  dependencies:
    ms "2.1.2"

deepmerge@^4.2.2:
  version "4.2.2"
  resolved "https://registry.npmmirror.com/deepmerge/-/deepmerge-4.2.2.tgz#44d2ea3679b8f4d4ffba33f03d865fc1e7bf4955"
  integrity sha512-FJ3UgI4gIl+PHZm53knsuSFpE+nESMr7M4v9QcgB7S63Kj/6WqMiFQJpBBYz1Pt+66bZpP3Q7Lye0Oo9MPKEdg==

define-properties@^1.1.3, define-properties@^1.1.4:
  version "1.1.4"
  resolved "https://registry.npmmirror.com/define-properties/-/define-properties-1.1.4.tgz#0b14d7bd7fbeb2f3572c3a7eda80ea5d57fb05b1"
  integrity sha512-uckOqKcfaVvtBdsVkdPv3XjveQJsNQqmhXgRi8uhvWWuPYZCNlzT8qAyblUgNoXdHdjMTzAqeGjAoli8f+bzPA==
  dependencies:
    has-property-descriptors "^1.0.0"
    object-keys "^1.1.1"

dompurify@2.3.8:
  version "2.3.8"
  resolved "https://registry.npmmirror.com/dompurify/-/dompurify-2.3.8.tgz#224fe9ae57d7ebd9a1ae1ac18c1c1ca3f532226f"
  integrity sha512-eVhaWoVibIzqdGYjwsBWodIQIaXFSB+cKDf4cfxLMsK0xiud6SE+/WCVx/Xw/UwQsa4cS3T2eITcdtmTg2UKcw==

dot-case@^3.0.4:
  version "3.0.4"
  resolved "https://registry.npmmirror.com/dot-case/-/dot-case-3.0.4.tgz#9b2b670d00a431667a8a75ba29cd1b98809ce751"
  integrity sha512-Kv5nKlh6yRrdrGvxeJ2e5y2eRUpkUosIW4A2AS38zwSz27zu7ufDwQPi5Jhs3XAlGNetl3bmnGhQsMtkKJnj3w==
  dependencies:
    no-case "^3.0.4"
    tslib "^2.0.3"

ejs@^3.1.6:
  version "3.1.8"
  resolved "https://registry.npmmirror.com/ejs/-/ejs-3.1.8.tgz#758d32910c78047585c7ef1f92f9ee041c1c190b"
  integrity sha512-/sXZeMlhS0ArkfX2Aw780gJzXSMPnKjtspYZv+f3NiKLlubezAHDU5+9xz6gd3/NhG3txQCo6xlglmTS+oTGEQ==
  dependencies:
    jake "^10.8.5"

es-abstract@^1.19.0, es-abstract@^1.19.1, es-abstract@^1.19.5:
  version "1.20.4"
  resolved "https://registry.npmmirror.com/es-abstract/-/es-abstract-1.20.4.tgz#1d103f9f8d78d4cf0713edcd6d0ed1a46eed5861"
  integrity sha512-0UtvRN79eMe2L+UNEF1BwRe364sj/DXhQ/k5FmivgoSdpM90b8Jc0mDzKMGo7QS0BVbOP/bTwBKNnDc9rNzaPA==
  dependencies:
    call-bind "^1.0.2"
    es-to-primitive "^1.2.1"
    function-bind "^1.1.1"
    function.prototype.name "^1.1.5"
    get-intrinsic "^1.1.3"
    get-symbol-description "^1.0.0"
    has "^1.0.3"
    has-property-descriptors "^1.0.0"
    has-symbols "^1.0.3"
    internal-slot "^1.0.3"
    is-callable "^1.2.7"
    is-negative-zero "^2.0.2"
    is-regex "^1.1.4"
    is-shared-array-buffer "^1.0.2"
    is-string "^1.0.7"
    is-weakref "^1.0.2"
    object-inspect "^1.12.2"
    object-keys "^1.1.1"
    object.assign "^4.1.4"
    regexp.prototype.flags "^1.4.3"
    safe-regex-test "^1.0.0"
    string.prototype.trimend "^1.0.5"
    string.prototype.trimstart "^1.0.5"
    unbox-primitive "^1.0.2"

es-to-primitive@^1.2.1:
  version "1.2.1"
  resolved "https://registry.npmmirror.com/es-to-primitive/-/es-to-primitive-1.2.1.tgz#e55cd4c9cdc188bcefb03b366c736323fc5c898a"
  integrity sha512-QCOllgZJtaUo9miYBcLChTUaHNjJF3PYs1VidD7AwiEj1kYxKeQTctLAezAOH5ZKRH0g2IgPn6KwB4IT8iRpvA==
  dependencies:
    is-callable "^1.1.4"
    is-date-object "^1.0.1"
    is-symbol "^1.0.2"

estree-walker@^1.0.1:
  version "1.0.1"
  resolved "https://registry.npmmirror.com/estree-walker/-/estree-walker-1.0.1.tgz#31bc5d612c96b704106b477e6dd5d8aa138cb700"
  integrity sha512-1fMXF3YP4pZZVozF8j/ZLfvnR8NSIljt56UhbZ5PeeDmmGHpgpdwQt7ITlGvYaQukCvuBRMLEiKiYC+oeIg4cg==

estree-walker@^2.0.1, estree-walker@^2.0.2:
  version "2.0.2"
  resolved "https://registry.npmmirror.com/estree-walker/-/estree-walker-2.0.2.tgz#52f010178c2a4c117a7757cfe942adb7d2da4cac"
  integrity sha512-Rfkk/Mp/DL7JVje3u18FxFujQlTNR2q6QfMSMB7AvCBx91NGj/ba3kCfza0f6dVDbw7YlRf/nDrn7pQrCCyQ/w==

eventemitter3@4.0.7:
  version "4.0.7"
  resolved "https://registry.npmmirror.com/eventemitter3/-/eventemitter3-4.0.7.tgz#2de9b68f6528d5644ef5c59526a1b4a07306169f"
  integrity sha512-8guHBZCwKnFhYdHr2ysuRWErTwhoN2X8XELRlrRwpmfeY2jjuUN4taQMsULKUVo1K4DvZl+0pgfyoysHxvmvEw==

fast-deep-equal@3.1.3:
  version "3.1.3"
  resolved "https://registry.npmmirror.com/fast-deep-equal/-/fast-deep-equal-3.1.3.tgz#3a7d56b559d6cbc3eb512325244e619a65c6c525"
  integrity sha512-f3qQ9oQy9j2AhBe/H9VC91wLmKBCCU/gDOnKNAYG5hswO7BLKj09Hc5HYNz9cGI++xlpDCIgDaitVs03ATR84Q==

filelist@^1.0.1:
  version "1.0.4"
  resolved "https://registry.npmmirror.com/filelist/-/filelist-1.0.4.tgz#f78978a1e944775ff9e62e744424f215e58352b5"
  integrity sha512-w1cEuf3S+DrLCQL7ET6kz+gmlJdbq9J7yXCSjK/OZCPA+qEN1WyF4ZAf0YYJa4/shHJra2t/d/r8SV4Ji+x+8Q==
  dependencies:
    minimatch "^5.0.1"

fs.realpath@^1.0.0:
  version "1.0.0"
  resolved "https://registry.npmmirror.com/fs.realpath/-/fs.realpath-1.0.0.tgz#1504ad2523158caa40db4a2787cb01411994ea4f"
  integrity sha512-OO0pH2lK6a0hZnAdau5ItzHPI6pUlvI7jMVnxUQRtw4owF2wk8lOSabtGDCTP4Ggrg2MbGnWO9X8K1t4+fGMDw==

fsevents@~2.3.2:
  version "2.3.2"
  resolved "https://registry.npmmirror.com/fsevents/-/fsevents-2.3.2.tgz#8a526f78b8fdf4623b709e0b975c52c24c02fd1a"
  integrity sha512-xiqMQR4xAeHTuB9uWm+fFRcIOgKBMiOBP+eXiyT7jsgVCq1bkVygt00oASowB7EdtpOHaaPgKt812P9ab+DDKA==

function-bind@^1.1.1:
  version "1.1.1"
  resolved "https://registry.npmmirror.com/function-bind/-/function-bind-1.1.1.tgz#a56899d3ea3c9bab874bb9773b7c5ede92f4895d"
  integrity sha512-yIovAzMX49sF8Yl58fSCWJ5svSLuaibPxXQJFLmBObTuCr0Mf1KiPopGM9NiFjiYBCbfaa2Fh6breQ6ANVTI0A==

function.prototype.name@^1.1.5:
  version "1.1.5"
  resolved "https://registry.npmmirror.com/function.prototype.name/-/function.prototype.name-1.1.5.tgz#cce0505fe1ffb80503e6f9e46cc64e46a12a9621"
  integrity sha512-uN7m/BzVKQnCUF/iW8jYea67v++2u7m5UgENbHRtdDVclOUP+FMPlCNdmk0h/ysGyo2tavMJEDqJAkJdRa1vMA==
  dependencies:
    call-bind "^1.0.2"
    define-properties "^1.1.3"
    es-abstract "^1.19.0"
    functions-have-names "^1.2.2"

functions-have-names@^1.2.2:
  version "1.2.3"
  resolved "https://registry.npmmirror.com/functions-have-names/-/functions-have-names-1.2.3.tgz#0404fe4ee2ba2f607f0e0ec3c80bae994133b834"
  integrity sha512-xckBUXyTIqT97tq2x2AMb+g163b5JFysYk0x4qxNFwbfQkmNZoiRHb6sPzI9/QV33WeuvVYBUIiD4NzNIyqaRQ==

get-intrinsic@^1.0.2, get-intrinsic@^1.1.0, get-intrinsic@^1.1.1, get-intrinsic@^1.1.3:
  version "1.1.3"
  resolved "https://registry.npmmirror.com/get-intrinsic/-/get-intrinsic-1.1.3.tgz#063c84329ad93e83893c7f4f243ef63ffa351385"
  integrity sha512-QJVz1Tj7MS099PevUG5jvnt9tSkXN8K14dxQlikJuPt4uD9hHAHjLyLBiLR5zELelBdD9QNRAXZzsJx0WaDL9A==
  dependencies:
    function-bind "^1.1.1"
    has "^1.0.3"
    has-symbols "^1.0.3"

get-symbol-description@^1.0.0:
  version "1.0.0"
  resolved "https://registry.npmmirror.com/get-symbol-description/-/get-symbol-description-1.0.0.tgz#7fdb81c900101fbd564dd5f1a30af5aadc1e58d6"
  integrity sha512-2EmdH1YvIQiZpltCNgkuiUnyukzxM/R6NDJX31Ke3BG1Nq5b0S2PhX59UKi9vZpPDQVdqn+1IcaAwnzTT5vCjw==
  dependencies:
    call-bind "^1.0.2"
    get-intrinsic "^1.1.1"

glob@^8.0.3:
  version "8.0.3"
  resolved "https://registry.npmmirror.com/glob/-/glob-8.0.3.tgz#415c6eb2deed9e502c68fa44a272e6da6eeca42e"
  integrity sha512-ull455NHSHI/Y1FqGaaYFaLGkNMMJbavMrEGFXG/PGrg6y7sutWHUHrz6gy6WEBH6akM1M414dWKCNs+IhKdiQ==
  dependencies:
    fs.realpath "^1.0.0"
    inflight "^1.0.4"
    inherits "2"
    minimatch "^5.0.1"
    once "^1.3.0"

has-bigints@^1.0.1, has-bigints@^1.0.2:
  version "1.0.2"
  resolved "https://registry.npmmirror.com/has-bigints/-/has-bigints-1.0.2.tgz#0871bd3e3d51626f6ca0966668ba35d5602d6eaa"
  integrity sha512-tSvCKtBr9lkF0Ex0aQiP9N+OpV4zi2r/Nee5VkRDbaqv35RLYMzbwQfFSZZH0kR+Rd6302UJZ2p/bJCEoR3VoQ==

has-flag@^4.0.0:
  version "4.0.0"
  resolved "https://registry.npmmirror.com/has-flag/-/has-flag-4.0.0.tgz#944771fd9c81c81265c4d6941860da06bb59479b"
  integrity sha512-EykJT/Q1KjTWctppgIAgfSO0tKVuZUjhgMr17kqTumMl6Afv3EISleU7qZUzoXDFTAHTDC4NOoG/ZxU3EvlMPQ==

has-property-descriptors@^1.0.0:
  version "1.0.0"
  resolved "https://registry.npmmirror.com/has-property-descriptors/-/has-property-descriptors-1.0.0.tgz#610708600606d36961ed04c196193b6a607fa861"
  integrity sha512-62DVLZGoiEBDHQyqG4w9xCuZ7eJEwNmJRWw2VY84Oedb7WFcA27fiEVe8oUQx9hAUJ4ekurquucTGwsyO1XGdQ==
  dependencies:
    get-intrinsic "^1.1.1"

has-symbols@^1.0.2, has-symbols@^1.0.3:
  version "1.0.3"
  resolved "https://registry.npmmirror.com/has-symbols/-/has-symbols-1.0.3.tgz#bb7b2c4349251dce87b125f7bdf874aa7c8b39f8"
  integrity sha512-l3LCuF6MgDNwTDKkdYGEihYjt5pRPbEg46rtlmnSPlUbgmB8LOIrKJbYYFBSbnPaJexMKtiPO8hmeRjRz2Td+A==

has-tostringtag@^1.0.0:
  version "1.0.0"
  resolved "https://registry.npmmirror.com/has-tostringtag/-/has-tostringtag-1.0.0.tgz#7e133818a7d394734f941e73c3d3f9291e658b25"
  integrity sha512-kFjcSNhnlGV1kyoGk7OXKSawH5JOb/LzUc5w9B02hOTO0dfFRjbHQKvg1d6cf3HbeUmtU9VbbV3qzZ2Teh97WQ==
  dependencies:
    has-symbols "^1.0.2"

has@^1.0.3:
  version "1.0.3"
  resolved "https://registry.npmmirror.com/has/-/has-1.0.3.tgz#722d7cbfc1f6aa8241f16dd814e011e1f41e8796"
  integrity sha512-f2dvO0VU6Oej7RkWJGrehjbzMAjFp5/VKPp5tTpWIV4JHHZK1/BxbFRtf/siA2SWTe09caDmVtYYzWEIbBS4zw==
  dependencies:
    function-bind "^1.1.1"

inflight@^1.0.4:
  version "1.0.6"
  resolved "https://registry.npmmirror.com/inflight/-/inflight-1.0.6.tgz#49bd6331d7d02d0c09bc910a1075ba8165b56df9"
  integrity sha512-k92I/b08q4wvFscXCLvqfsHCrjrF7yiXsQuIVvVE7N82W3+aqpzuUdBbfhWcy/FZR3/4IgflMgKLOsvPDrGCJA==
  dependencies:
    once "^1.3.0"
    wrappy "1"

inherits@2:
  version "2.0.4"
  resolved "https://registry.npmmirror.com/inherits/-/inherits-2.0.4.tgz#0fa2c64f932917c3433a0ded55363aae37416b7c"
  integrity sha512-k/vGaX4/Yla3WzyMCvTQOXYeIHvqOKtnqBduzTHpzpQZzAskKMhZ2K+EnBiSM9zGSoIFeMpXKxa4dYeZIQqewQ==

inherits@2.0.3:
  version "2.0.3"
  resolved "https://registry.npmmirror.com/inherits/-/inherits-2.0.3.tgz#633c2c83e3da42a502f52466022480f4208261de"
  integrity sha512-x00IRNXNy63jwGkJmzPigoySHbaqpNuzKbBOmzK+g2OdZpQ9w+sxCN+VSB3ja7IAge2OP2qpfxTjeNcyjmW1uw==

internal-slot@^1.0.3:
  version "1.0.3"
  resolved "https://registry.npmmirror.com/internal-slot/-/internal-slot-1.0.3.tgz#7347e307deeea2faac2ac6205d4bc7d34967f59c"
  integrity sha512-O0DB1JC/sPyZl7cIo78n5dR7eUSwwpYPiXRhTzNxZVAMUuB8vlnRFyLxdrVToks6XPLVnFfbzaVd5WLjhgg+vA==
  dependencies:
    get-intrinsic "^1.1.0"
    has "^1.0.3"
    side-channel "^1.0.4"

is-bigint@^1.0.1:
  version "1.0.4"
  resolved "https://registry.npmmirror.com/is-bigint/-/is-bigint-1.0.4.tgz#08147a1875bc2b32005d41ccd8291dffc6691df3"
  integrity sha512-zB9CruMamjym81i2JZ3UMn54PKGsQzsJeo6xvN3HJJ4CAsQNB6iRutp2To77OfCNuoxspsIhzaPoO1zyCEhFOg==
  dependencies:
    has-bigints "^1.0.1"

is-boolean-object@^1.1.0:
  version "1.1.2"
  resolved "https://registry.npmmirror.com/is-boolean-object/-/is-boolean-object-1.1.2.tgz#5c6dc200246dd9321ae4b885a114bb1f75f63719"
  integrity sha512-gDYaKHJmnj4aWxyj6YHyXVpdQawtVLHU5cb+eztPGczf6cjuTdwve5ZIEfgXqH4e57An1D1AKf8CZ3kYrQRqYA==
  dependencies:
    call-bind "^1.0.2"
    has-tostringtag "^1.0.0"

is-builtin-module@^3.1.0:
  version "3.2.0"
  resolved "https://registry.npmmirror.com/is-builtin-module/-/is-builtin-module-3.2.0.tgz#bb0310dfe881f144ca83f30100ceb10cf58835e0"
  integrity sha512-phDA4oSGt7vl1n5tJvTWooWWAsXLY+2xCnxNqvKhGEzujg+A43wPlPOyDg3C8XQHN+6k/JTQWJ/j0dQh/qr+Hw==
  dependencies:
    builtin-modules "^3.3.0"

is-callable@^1.1.4, is-callable@^1.2.7:
  version "1.2.7"
  resolved "https://registry.npmmirror.com/is-callable/-/is-callable-1.2.7.tgz#3bc2a85ea742d9e36205dcacdd72ca1fdc51b055"
  integrity sha512-1BC0BVFhS/p0qtw6enp8e+8OD0UrK0oFLztSjNzhcKA3WDuJxxAPXzPuPtKkjEY9UUoEWlX/8fgKeu2S8i9JTA==

is-core-module@^2.9.0:
  version "2.11.0"
  resolved "https://registry.npmmirror.com/is-core-module/-/is-core-module-2.11.0.tgz#ad4cb3e3863e814523c96f3f58d26cc570ff0144"
  integrity sha512-RRjxlvLDkD1YJwDbroBHMb+cukurkDWNyHx7D3oNB5x9rb5ogcksMC5wHCadcXoo67gVr/+3GFySh3134zi6rw==
  dependencies:
    has "^1.0.3"

is-date-object@^1.0.1:
  version "1.0.5"
  resolved "https://registry.npmmirror.com/is-date-object/-/is-date-object-1.0.5.tgz#0841d5536e724c25597bf6ea62e1bd38298df31f"
  integrity sha512-9YQaSxsAiSwcvS33MBk3wTCVnWK+HhF8VZR2jRxehM16QcVOdHqPn4VPHmRK4lSr38n9JriurInLcP90xsYNfQ==
  dependencies:
    has-tostringtag "^1.0.0"

is-module@^1.0.0:
  version "1.0.0"
  resolved "https://registry.npmmirror.com/is-module/-/is-module-1.0.0.tgz#3258fb69f78c14d5b815d664336b4cffb6441591"
  integrity sha512-51ypPSPCoTEIN9dy5Oy+h4pShgJmPCygKfyRCISBI+JoWT/2oJvK8QPxmwv7b/p239jXrm9M1mlQbyKJ5A152g==

is-negative-zero@^2.0.2:
  version "2.0.2"
  resolved "https://registry.npmmirror.com/is-negative-zero/-/is-negative-zero-2.0.2.tgz#7bf6f03a28003b8b3965de3ac26f664d765f3150"
  integrity sha512-dqJvarLawXsFbNDeJW7zAz8ItJ9cd28YufuuFzh0G8pNHjJMnY08Dv7sYX2uF5UpQOwieAeOExEYAWWfu7ZZUA==

is-number-object@^1.0.4:
  version "1.0.7"
  resolved "https://registry.npmmirror.com/is-number-object/-/is-number-object-1.0.7.tgz#59d50ada4c45251784e9904f5246c742f07a42fc"
  integrity sha512-k1U0IRzLMo7ZlYIfzRu23Oh6MiIFasgpb9X76eqfFZAqwH44UI4KTBvBYIZ1dSL9ZzChTB9ShHfLkR4pdW5krQ==
  dependencies:
    has-tostringtag "^1.0.0"

is-reference@1.2.1:
  version "1.2.1"
  resolved "https://registry.npmmirror.com/is-reference/-/is-reference-1.2.1.tgz#8b2dac0b371f4bc994fdeaba9eb542d03002d0b7"
  integrity sha512-U82MsXXiFIrjCK4otLT+o2NA2Cd2g5MLoOVXUZjIOhLurrRxpEXzI8O0KZHr3IjLvlAH1kTPYSuqer5T9ZVBKQ==
  dependencies:
    "@types/estree" "*"

is-regex@^1.1.4:
  version "1.1.4"
  resolved "https://registry.npmmirror.com/is-regex/-/is-regex-1.1.4.tgz#eef5663cd59fa4c0ae339505323df6854bb15958"
  integrity sha512-kvRdxDsxZjhzUX07ZnLydzS1TU/TJlTUHHY4YLL87e37oUA49DfkLqgy+VjFocowy29cKvcSiu+kIv728jTTVg==
  dependencies:
    call-bind "^1.0.2"
    has-tostringtag "^1.0.0"

is-shared-array-buffer@^1.0.2:
  version "1.0.2"
  resolved "https://registry.npmmirror.com/is-shared-array-buffer/-/is-shared-array-buffer-1.0.2.tgz#8f259c573b60b6a32d4058a1a07430c0a7344c79"
  integrity sha512-sqN2UDu1/0y6uvXyStCOzyhAjCSlHceFoMKJW8W9EU9cvic/QdsZ0kEU93HEy3IUEFZIiH/3w+AH/UQbPHNdhA==
  dependencies:
    call-bind "^1.0.2"

is-string@^1.0.5, is-string@^1.0.7:
  version "1.0.7"
  resolved "https://registry.npmmirror.com/is-string/-/is-string-1.0.7.tgz#0dd12bf2006f255bb58f695110eff7491eebc0fd"
  integrity sha512-tE2UXzivje6ofPW7l23cjDOMa09gb7xlAqG6jG5ej6uPV32TlWP3NKPigtaGeHNu9fohccRYvIiZMfOOnOYUtg==
  dependencies:
    has-tostringtag "^1.0.0"

is-symbol@^1.0.2, is-symbol@^1.0.3:
  version "1.0.4"
  resolved "https://registry.npmmirror.com/is-symbol/-/is-symbol-1.0.4.tgz#a6dac93b635b063ca6872236de88910a57af139c"
  integrity sha512-C/CPBqKWnvdcxqIARxyOh4v1UUEOCHpgDa0WYgpKDFMszcrPcffg5uhwSgPCLD2WWxmq6isisz87tzT01tuGhg==
  dependencies:
    has-symbols "^1.0.2"

is-weakref@^1.0.2:
  version "1.0.2"
  resolved "https://registry.npmmirror.com/is-weakref/-/is-weakref-1.0.2.tgz#9529f383a9338205e89765e0392efc2f100f06f2"
  integrity sha512-qctsuLZmIQ0+vSSMfoVvyFe2+GSEvnmZ2ezTup1SBse9+twCCeial6EEi3Nc2KFcf6+qz2FBPnjXsk8xhKSaPQ==
  dependencies:
    call-bind "^1.0.2"

jake@^10.8.5:
  version "10.8.5"
  resolved "https://registry.npmmirror.com/jake/-/jake-10.8.5.tgz#f2183d2c59382cb274226034543b9c03b8164c46"
  integrity sha512-sVpxYeuAhWt0OTWITwT98oyV0GsXyMlXCF+3L1SuafBVUIr/uILGRB+NqwkzhgXKvoJpDIpQvqkUALgdmQsQxw==
  dependencies:
    async "^3.2.3"
    chalk "^4.0.2"
    filelist "^1.0.1"
    minimatch "^3.0.4"

joycon@^3.1.1:
  version "3.1.1"
  resolved "https://registry.npmmirror.com/joycon/-/joycon-3.1.1.tgz#bce8596d6ae808f8b68168f5fc69280996894f03"
  integrity sha512-34wB/Y7MW7bzjKRjUKTa46I2Z7eV62Rkhva+KkopW7Qvv/OSWBqvkSY7vusOPrNuZcUG3tApvdVgNB8POj3SPw==

json5@^2.2.0:
  version "2.2.1"
  resolved "https://registry.npmmirror.com/json5/-/json5-2.2.1.tgz#655d50ed1e6f95ad1a3caababd2b0efda10b395c"
  integrity sha512-1hqLFMSrGHRHxav9q9gNjJ5EXznIxGVO09xQRrwplcS8qs28pZ8s8hupZAmqDwZUmVZ2Qb2jnyPOWcDH8m8dlA==

jsonc-parser@^3.0.0:
  version "3.2.0"
  resolved "https://registry.npmmirror.com/jsonc-parser/-/jsonc-parser-3.2.0.tgz#31ff3f4c2b9793f89c67212627c51c6394f88e76"
  integrity sha512-gfFQZrcTc8CnKXp6Y4/CBT3fTc0OVuDofpre4aEeEpSBPV5X5v4+Vmx+8snU7RLPrNHPKSgLxGo9YuQzz20o+w==

lodash-es@4.17.21:
  version "4.17.21"
  resolved "https://registry.npmmirror.com/lodash-es/-/lodash-es-4.17.21.tgz#43e626c46e6591b7750beb2b50117390c609e3ee"
  integrity sha512-mKnC+QJ9pWVzv+C4/U3rRsHapFfHvQFoFB92e52xeyGMcX6/OlIl78je1u8vePzYZSkkogMPJ2yjxxsb89cxyw==

logseq-l10n@^0.2.0:
  version "0.2.0"
  resolved "https://registry.npmmirror.com/logseq-l10n/-/logseq-l10n-0.2.0.tgz#642ba00f8738dc20dfa983fe223465b5318a6204"
  integrity sha512-exBSvxVijlAW6Zy6eYRWGroJL3qxAouCZqSQzAeIRuoIU8nA0vN2S2+5slvWTFM159hlqhtdJXqudwgCs4y2Vg==

lower-case@^2.0.2:
  version "2.0.2"
  resolved "https://registry.npmmirror.com/lower-case/-/lower-case-2.0.2.tgz#6fa237c63dbdc4a82ca0fd882e4722dc5e634e28"
  integrity sha512-7fm3l3NAF9WfN6W3JOmf5drwpVqX78JtoGJ3A6W0a6ZnldM41w2fV5D490psKFTpMds8TJse/eHLFFsNHHjHgg==
  dependencies:
    tslib "^2.0.3"

lunr@^2.3.9:
  version "2.3.9"
  resolved "https://registry.npmmirror.com/lunr/-/lunr-2.3.9.tgz#18b123142832337dd6e964df1a5a7707b25d35e1"
  integrity sha512-zTU3DaZaF3Rt9rhN3uBMGQD3dD2/vFQqnvZCDv4dl5iOzq2IZQqTxu90r4E5J+nP70J3ilqVCrbho2eWaeW8Ow==

magic-string@^0.25.0:
  version "0.25.9"
  resolved "https://registry.npmmirror.com/magic-string/-/magic-string-0.25.9.tgz#de7f9faf91ef8a1c91d02c2e5314c8277dbcdd1c"
  integrity sha512-RmF0AsMzgt25qzqqLc1+MbHmhdx0ojF2Fvs4XnOqz2ZOBXzzkEwc/dJQZCYHAn7v1jbVOjAZfK8msRn4BxO4VQ==
  dependencies:
    sourcemap-codec "^1.4.8"

magic-string@^0.26.4:
  version "0.26.7"
  resolved "https://registry.npmmirror.com/magic-string/-/magic-string-0.26.7.tgz#caf7daf61b34e9982f8228c4527474dac8981d6f"
  integrity sha512-hX9XH3ziStPoPhJxLq1syWuZMxbDvGNbVchfrdCtanC7D13888bMFow61x8axrx+GfHLtVeAx2kxL7tTGRl+Ow==
  dependencies:
    sourcemap-codec "^1.4.8"

marked@^4.0.16:
  version "4.2.2"
  resolved "https://registry.npmmirror.com/marked/-/marked-4.2.2.tgz#1d2075ad6cdfe42e651ac221c32d949a26c0672a"
  integrity sha512-JjBTFTAvuTgANXx82a5vzK9JLSMoV6V3LBVn4Uhdso6t7vXrGx7g1Cd2r6NYSsxrYbQGFCMqBDhFHyK5q2UvcQ==

minimatch@^3.0.4:
  version "3.1.2"
  resolved "https://registry.npmmirror.com/minimatch/-/minimatch-3.1.2.tgz#19cd194bfd3e428f049a70817c038d89ab4be35b"
  integrity sha512-J7p63hRiAjw1NDEww1W7i37+ByIrOWO5XQQAzZ3VOcL0PNybwpfmV/N05zFAzwQ9USyEcX6t3UO+K5aqBQOIHw==
  dependencies:
    brace-expansion "^1.1.7"

minimatch@^5.0.1, minimatch@^5.1.0:
  version "5.1.0"
  resolved "https://registry.npmmirror.com/minimatch/-/minimatch-5.1.0.tgz#1717b464f4971b144f6aabe8f2d0b8e4511e09c7"
  integrity sha512-9TPBGGak4nHfGZsPBohm9AWg6NoT7QTCehS3BIJABslyZbzxfV78QM2Y6+i741OPZIafFAaiiEMh5OyIrJPgtg==
  dependencies:
    brace-expansion "^2.0.1"

ms@2.1.2:
  version "2.1.2"
  resolved "https://registry.npmmirror.com/ms/-/ms-2.1.2.tgz#d09d1f357b443f493382a8eb3ccd183872ae6009"
  integrity sha512-sGkPx+VjMtmA6MX27oA4FBFELFCZZ4S4XqeGOXCv68tT+jb3vk/RyaKWP0PTKyWtmLSM0b+adUTEvbs1PEaH2w==

no-case@^3.0.4:
  version "3.0.4"
  resolved "https://registry.npmmirror.com/no-case/-/no-case-3.0.4.tgz#d361fd5c9800f558551a8369fc0dcd4662b6124d"
  integrity sha512-fgAN3jGAh+RoxUGZHTSOLJIqUc2wmoBwGR4tbpNAKmmovFoWq0OdRkb0VkldReO2a2iBT/OEulG9XSUc10r3zg==
  dependencies:
    lower-case "^2.0.2"
    tslib "^2.0.3"

object-inspect@^1.12.2, object-inspect@^1.9.0:
  version "1.12.2"
  resolved "https://registry.npmmirror.com/object-inspect/-/object-inspect-1.12.2.tgz#c0641f26394532f28ab8d796ab954e43c009a8ea"
  integrity sha512-z+cPxW0QGUp0mcqcsgQyLVRDoXFQbXOwBaqyF7VIgI4TWNQsDHrBpUQslRmIfAoYWdYzs6UlKJtB2XJpTaNSpQ==

object-keys@^1.1.1:
  version "1.1.1"
  resolved "https://registry.npmmirror.com/object-keys/-/object-keys-1.1.1.tgz#1c47f272df277f3b1daf061677d9c82e2322c60e"
  integrity sha512-NuAESUOUMrlIXOfHKzD6bpPu3tYt3xvjNdRIQ+FeT0lNb4K8WR70CaDxhuNguS2XG+GjkyMwOzsN5ZktImfhLA==

object.assign@^4.1.4:
  version "4.1.4"
  resolved "https://registry.npmmirror.com/object.assign/-/object.assign-4.1.4.tgz#9673c7c7c351ab8c4d0b516f4343ebf4dfb7799f"
  integrity sha512-1mxKf0e58bvyjSCtKYY4sRe9itRk3PJpquJOjeIkz885CczcI4IvJJDLPS72oowuSh+pBxUFROpX+TU++hxhZQ==
  dependencies:
    call-bind "^1.0.2"
    define-properties "^1.1.4"
    has-symbols "^1.0.3"
    object-keys "^1.1.1"

once@^1.3.0:
  version "1.4.0"
  resolved "https://registry.npmmirror.com/once/-/once-1.4.0.tgz#583b1aa775961d4b113ac17d9c50baef9dd76bd1"
  integrity sha512-lNaJgI+2Q5URQBkccEKHTQOPaXdUxnZZElQTZY0MFUAuaEqe1E+Nyvgdz/aIyNi6Z9MzO5dv1H8n58/GELp3+w==
  dependencies:
    wrappy "1"

path-parse@^1.0.7:
  version "1.0.7"
  resolved "https://registry.npmmirror.com/path-parse/-/path-parse-1.0.7.tgz#fbc114b60ca42b30d9daf5858e4bd68bbedb6735"
  integrity sha512-LDJzPVEEEPR+y48z93A0Ed0yXb8pAByGWo/k5YYdYgpY2/2EsOsksJrq7lOHxryrVOn1ejG6oAp8ahvOIQD8sw==

path@0.12.7:
  version "0.12.7"
  resolved "https://registry.npmmirror.com/path/-/path-0.12.7.tgz#d4dc2a506c4ce2197eb481ebfcd5b36c0140b10f"
  integrity sha512-aXXC6s+1w7otVF9UletFkFcDsJeO7lSZBPUQhtb5O0xJe8LtYhj/GxldoL09bBj9+ZmE2hNoHqQSFMN5fikh4Q==
  dependencies:
    process "^0.11.1"
    util "^0.10.3"

picomatch@^2.2.2, picomatch@^2.3.1:
  version "2.3.1"
  resolved "https://registry.npmmirror.com/picomatch/-/picomatch-2.3.1.tgz#3ba3833733646d9d3e4995946c1365a67fb07a42"
  integrity sha512-JU3teHTNjmE2VCGFzuY8EXzCDVwEqB2a8fsIvwaStHhAWJEeVd1o1QD80CU6+ZdEXXSLbSsuLwJjkCBWqRQUVA==

process@^0.11.1:
  version "0.11.10"
  resolved "https://registry.npmmirror.com/process/-/process-0.11.10.tgz#7332300e840161bda3e69a1d1d91a7d4bc16f182"
  integrity sha512-cdGef/drWFoydD1JsMzuFf8100nZl+GT+yacc2bEced5f9Rjk4z+WtFUTBu9PhOi9j/jfmBPu0mMEY4wIdAF8A==

regexp.prototype.flags@^1.4.1, regexp.prototype.flags@^1.4.3:
  version "1.4.3"
  resolved "https://registry.npmmirror.com/regexp.prototype.flags/-/regexp.prototype.flags-1.4.3.tgz#87cab30f80f66660181a3bb7bf5981a872b367ac"
  integrity sha512-fjggEOO3slI6Wvgjwflkc4NFRCTZAu5CnNfBd5qOMYhWdn67nJBBu34/TkD++eeFmd8C9r9jfXJ27+nSiRkSUA==
  dependencies:
    call-bind "^1.0.2"
    define-properties "^1.1.3"
    functions-have-names "^1.2.2"

resolve@^1.19.0:
  version "1.22.1"
  resolved "https://registry.npmmirror.com/resolve/-/resolve-1.22.1.tgz#27cb2ebb53f91abb49470a928bba7558066ac177"
  integrity sha512-nBpuuYuY5jFsli/JIs1oldw6fOQCBioohqWZg/2hiaOybXOft4lonv85uDOKXdf8rhyK159cxU5cDcK/NKk8zw==
  dependencies:
    is-core-module "^2.9.0"
    path-parse "^1.0.7"
    supports-preserve-symlinks-flag "^1.0.0"

rollup-plugin-swc3@^0.3.0:
  version "0.3.0"
  resolved "https://registry.npmmirror.com/rollup-plugin-swc3/-/rollup-plugin-swc3-0.3.0.tgz#c0dc88aea4958a45d5fc8a8f2e2878b1031dabad"
  integrity sha512-ZQK2XxYxSspmT8j6/Y4CaxRxAlZHbNnxI+m+yJ5I87ZLp5uH7CYL4hFlJk1jkcZ+Q2QC19jIg7AClB/7+XFljw==
  dependencies:
    "@rollup/pluginutils" "^4.2.1"
    deepmerge "^4.2.2"
    joycon "^3.1.1"
    jsonc-parser "^3.0.0"
    typedoc "^0.22.15"

rollup@^2.74.1:
  version "2.79.1"
  resolved "https://registry.npmmirror.com/rollup/-/rollup-2.79.1.tgz#bedee8faef7c9f93a2647ac0108748f497f081c7"
  integrity sha512-uKxbd0IhMZOhjAiD5oAFp7BqvkA4Dv47qpOCtaNvng4HBwdbWtdOh8f5nZNuk2rp51PMGk3bzfWu5oayNEuYnw==
  optionalDependencies:
    fsevents "~2.3.2"

safe-regex-test@^1.0.0:
  version "1.0.0"
  resolved "https://registry.npmmirror.com/safe-regex-test/-/safe-regex-test-1.0.0.tgz#793b874d524eb3640d1873aad03596db2d4f2295"
  integrity sha512-JBUUzyOgEwXQY1NuPtvcj/qcBDbDmEvWufhlnXZIm75DEHp+afM1r1ujJpJsV/gSM4t59tpDyPi1sd6ZaPFfsA==
  dependencies:
    call-bind "^1.0.2"
    get-intrinsic "^1.1.3"
    is-regex "^1.1.4"

shiki@^0.10.1:
  version "0.10.1"
  resolved "https://registry.npmmirror.com/shiki/-/shiki-0.10.1.tgz#6f9a16205a823b56c072d0f1a0bcd0f2646bef14"
  integrity sha512-VsY7QJVzU51j5o1+DguUd+6vmCmZ5v/6gYu4vyYAhzjuNQU6P/vmSy4uQaOhvje031qQMiW0d2BwgMH52vqMng==
  dependencies:
    jsonc-parser "^3.0.0"
    vscode-oniguruma "^1.6.1"
    vscode-textmate "5.2.0"

side-channel@^1.0.4:
  version "1.0.4"
  resolved "https://registry.npmmirror.com/side-channel/-/side-channel-1.0.4.tgz#efce5c8fdc104ee751b25c58d4290011fa5ea2cf"
  integrity sha512-q5XPytqFEIKHkGdiMIrY10mvLRvnQh42/+GoBlFW3b2LXLE2xxJpZFdm94we0BaoV3RwJyGqg5wS7epxTv0Zvw==
  dependencies:
    call-bind "^1.0.0"
    get-intrinsic "^1.0.2"
    object-inspect "^1.9.0"

slash@^3.0.0:
  version "3.0.0"
  resolved "https://registry.npmmirror.com/slash/-/slash-3.0.0.tgz#6539be870c165adbd5240220dbe361f1bc4d4634"
  integrity sha512-g9Q1haeby36OSStwb4ntCGGGaKsaVSjQ68fBxoQcutl5fS1vuY18H3wSt3jFyFtrkx+Kz0V1G85A4MyAdDMi2Q==

snake-case@3.0.4:
  version "3.0.4"
  resolved "https://registry.npmmirror.com/snake-case/-/snake-case-3.0.4.tgz#4f2bbd568e9935abdfd593f34c691dadb49c452c"
  integrity sha512-LAOh4z89bGQvl9pFfNF8V146i7o7/CqFPbqzYgP+yYzDIDeS9HaNFtXABamRW+AQzEVODcvE79ljJ+8a9YSdMg==
  dependencies:
    dot-case "^3.0.4"
    tslib "^2.0.3"

sourcemap-codec@^1.4.8:
  version "1.4.8"
  resolved "https://registry.npmmirror.com/sourcemap-codec/-/sourcemap-codec-1.4.8.tgz#ea804bd94857402e6992d05a38ef1ae35a9ab4c4"
  integrity sha512-9NykojV5Uih4lgo5So5dtw+f0JgJX30KCNI8gwhz2J9A15wD0Ml6tjHKwf6fTSa6fAdVBdZeNOs9eJ71qCk8vA==

string.prototype.matchall@^4.0.6:
  version "4.0.7"
  resolved "https://registry.npmmirror.com/string.prototype.matchall/-/string.prototype.matchall-4.0.7.tgz#8e6ecb0d8a1fb1fda470d81acecb2dba057a481d"
  integrity sha512-f48okCX7JiwVi1NXCVWcFnZgADDC/n2vePlQ/KUCNqCikLLilQvwjMO8+BHVKvgzH0JB0J9LEPgxOGT02RoETg==
  dependencies:
    call-bind "^1.0.2"
    define-properties "^1.1.3"
    es-abstract "^1.19.1"
    get-intrinsic "^1.1.1"
    has-symbols "^1.0.3"
    internal-slot "^1.0.3"
    regexp.prototype.flags "^1.4.1"
    side-channel "^1.0.4"

string.prototype.trimend@^1.0.5:
  version "1.0.5"
  resolved "https://registry.npmmirror.com/string.prototype.trimend/-/string.prototype.trimend-1.0.5.tgz#914a65baaab25fbdd4ee291ca7dde57e869cb8d0"
  integrity sha512-I7RGvmjV4pJ7O3kdf+LXFpVfdNOxtCW/2C8f6jNiW4+PQchwxkCDzlk1/7p+Wl4bqFIZeF47qAHXLuHHWKAxog==
  dependencies:
    call-bind "^1.0.2"
    define-properties "^1.1.4"
    es-abstract "^1.19.5"

string.prototype.trimstart@^1.0.5:
  version "1.0.5"
  resolved "https://registry.npmmirror.com/string.prototype.trimstart/-/string.prototype.trimstart-1.0.5.tgz#5466d93ba58cfa2134839f81d7f42437e8c01fef"
  integrity sha512-THx16TJCGlsN0o6dl2o6ncWUsdgnLRSA23rRE5pyGBw/mLr3Ej/R2LaqCtgP8VNMGZsvMWnf9ooZPyY2bHvUFg==
  dependencies:
    call-bind "^1.0.2"
    define-properties "^1.1.4"
    es-abstract "^1.19.5"

supports-color@^7.1.0:
  version "7.2.0"
  resolved "https://registry.npmmirror.com/supports-color/-/supports-color-7.2.0.tgz#1b7dcdcb32b8138801b3e478ba6a51caa89648da"
  integrity sha512-qpCAvRl9stuOHveKsn7HncJRvv501qIacKzQlO/+Lwxc9+0q2wLyv4Dfvt80/DPn2pqOBsJdDiogXGR9+OvwRw==
  dependencies:
    has-flag "^4.0.0"

supports-preserve-symlinks-flag@^1.0.0:
  version "1.0.0"
  resolved "https://registry.npmmirror.com/supports-preserve-symlinks-flag/-/supports-preserve-symlinks-flag-1.0.0.tgz#6eda4bd344a3c94aea376d4cc31bc77311039e09"
  integrity sha512-ot0WnXS9fgdkgIcePe6RHNk1WA8+muPa6cSjeR3V8K27q9BB1rTE3R1p7Hv0z1ZyAc8s6Vvv8DIyWf681MAt0w==

tslib@^2.0.3:
  version "2.4.1"
  resolved "https://registry.npmmirror.com/tslib/-/tslib-2.4.1.tgz#0d0bfbaac2880b91e22df0768e55be9753a5b17e"
  integrity sha512-tGyy4dAjRIEwI7BzsB0lynWgOpfqjUdq91XXAlIWD2OwKBH7oCl/GZG/HT4BOHrTlPMOASlMQ7veyTqpmRcrNA==

typedoc@^0.22.15:
  version "0.22.18"
  resolved "https://registry.npmmirror.com/typedoc/-/typedoc-0.22.18.tgz#1d000c33b66b88fd8cdfea14a26113a83b7e6591"
  integrity sha512-NK9RlLhRUGMvc6Rw5USEYgT4DVAUFk7IF7Q6MYfpJ88KnTZP7EneEa4RcP+tX1auAcz7QT1Iy0bUSZBYYHdoyA==
  dependencies:
    glob "^8.0.3"
    lunr "^2.3.9"
    marked "^4.0.16"
    minimatch "^5.1.0"
    shiki "^0.10.1"

unbox-primitive@^1.0.2:
  version "1.0.2"
  resolved "https://registry.npmmirror.com/unbox-primitive/-/unbox-primitive-1.0.2.tgz#29032021057d5e6cdbd08c5129c226dff8ed6f9e"
  integrity sha512-61pPlCD9h51VoreyJ0BReideM3MDKMKnh6+V9L08331ipq6Q8OFXZYiqP6n/tbHx4s5I9uRhcye6BrbkizkBDw==
  dependencies:
    call-bind "^1.0.2"
    has-bigints "^1.0.2"
    has-symbols "^1.0.3"
    which-boxed-primitive "^1.0.2"

util@^0.10.3:
  version "0.10.4"
  resolved "https://registry.npmmirror.com/util/-/util-0.10.4.tgz#3aa0125bfe668a4672de58857d3ace27ecb76901"
  integrity sha512-0Pm9hTQ3se5ll1XihRic3FDIku70C+iHUdT/W926rSgHV5QgXsYbKZN8MSC3tJtSkhuROzvsQjAaFENRXr+19A==
  dependencies:
    inherits "2.0.3"

vscode-oniguruma@^1.6.1:
  version "1.6.2"
  resolved "https://registry.npmmirror.com/vscode-oniguruma/-/vscode-oniguruma-1.6.2.tgz#aeb9771a2f1dbfc9083c8a7fdd9cccaa3f386607"
  integrity sha512-KH8+KKov5eS/9WhofZR8M8dMHWN2gTxjMsG4jd04YhpbPR91fUj7rYQ2/XjeHCJWbg7X++ApRIU9NUwM2vTvLA==

vscode-textmate@5.2.0:
  version "5.2.0"
  resolved "https://registry.npmmirror.com/vscode-textmate/-/vscode-textmate-5.2.0.tgz#01f01760a391e8222fe4f33fbccbd1ad71aed74e"
  integrity sha512-Uw5ooOQxRASHgu6C7GVvUxisKXfSgW4oFlO+aa+PAkgmH89O3CXxEEzNRNtHSqtXFTl0nAC1uYj0GMSH27uwtQ==

which-boxed-primitive@^1.0.2:
  version "1.0.2"
  resolved "https://registry.npmmirror.com/which-boxed-primitive/-/which-boxed-primitive-1.0.2.tgz#13757bc89b209b049fe5d86430e21cf40a89a8e6"
  integrity sha512-bwZdv0AKLpplFY2KZRX6TvyuN7ojjr7lwkg6ml0roIy9YeuSr7JS372qlNW18UQYzgYK9ziGcerWqZOmEn9VNg==
  dependencies:
    is-bigint "^1.0.1"
    is-boolean-object "^1.1.0"
    is-number-object "^1.0.4"
    is-string "^1.0.5"
    is-symbol "^1.0.3"

wrappy@1:
  version "1.0.2"
  resolved "https://registry.npmmirror.com/wrappy/-/wrappy-1.0.2.tgz#b5243d8f3ec1aa35f1364605bc0d1036e30ab69f"
  integrity sha512-l4Sp/DRseor9wL6EvV2+TuQn63dMkPjZ/sp9XkghTEbV9KlPS1xUsZ3u7/IQO4wxtcFB4bgpQPRcR3QCvezPcQ==
